
Microsoft Visual Studio Solution File, Format Version 12.00
# Visual Studio Version 16
VisualStudioVersion = 25.0.1705.6
MinimumVisualStudioVersion = 10.0.40219.1
Project("{FAE04EC0-301F-11D3-BF4B-00C04F79EFBC}") = "r4b-eat", "r4b-eat\r4b-eat.csproj", "{5BCC328F-B04F-4AEE-930E-AC16CFDF0204}"
EndProject
Global
	GlobalSection(SolutionConfigurationPlatforms) = preSolution
		Debug|Any CPU = Debug|Any CPU
		Release|Any CPU = Release|Any CPU
	EndGlobalSection
	GlobalSection(ProjectConfigurationPlatforms) = postSolution
		{5BCC328F-B04F-4AEE-930E-AC16CFDF0204}.Debug|Any CPU.ActiveCfg = Debug|Any CPU
		{5BCC328F-B04F-4AEE-930E-AC16CFDF0204}.Debug|Any CPU.Build.0 = Debug|Any CPU
		{5BCC328F-B04F-4AEE-930E-AC16CFDF0204}.Release|Any CPU.ActiveCfg = Release|Any CPU
		{5BCC328F-B04F-4AEE-930E-AC16CFDF0204}.Release|Any CPU.Build.0 = Release|Any CPU
	EndGlobalSection
	GlobalSection(SolutionProperties) = preSolution
		HideSolutionNode = FALSE
	EndGlobalSection
	GlobalSection(ExtensibilityGlobals) = postSolution
		SolutionGuid = {737A8FF1-1731-4FA9-B3B3-7B8D096D1D76}
	EndGlobalSection
EndGlobal
